
Microsoft Visual Studio Solution File, Format Version 12.00
Project("{FAE04EC0-301F-11D3-BF4B-00C04F79EFBC}") = "Pegov.Nasvyazi.Api", "Pegov.Nasvyazi.Api\Pegov.Nasvyazi.Api.csproj", "{8C52EF50-D6EC-4B56-BD7A-F36DC18D1A1B}"
EndProject
Project("{2150E333-8FDC-42A3-9474-1A3956D46DE8}") = "Presentation", "Presentation", "{3824F1AB-2D17-4170-8C41-0D902C1E80B2}"
EndProject
Project("{2150E333-8FDC-42A3-9474-1A3956D46DE8}") = "Common", "Common", "{BC4B2959-8A0A-44E2-B918-B760F60D4DD3}"
EndProject
Project("{2150E333-8FDC-42A3-9474-1A3956D46DE8}") = "Core", "Core", "{A737BB78-972B-4973-BADC-4C77FE3295BC}"
EndProject
Project("{2150E333-8FDC-42A3-9474-1A3956D46DE8}") = "Infrastructure", "Infrastructure", "{ED68AD5D-B46E-4BC1-BEF9-1B307E577FB5}"
EndProject
Project("{FAE04EC0-301F-11D3-BF4B-00C04F79EFBC}") = "Pegov.Nasvyazi.Common", "Pegov.Nasvyazi.Common\Pegov.Nasvyazi.Common.csproj", "{01CA2B26-C125-4302-B762-A49739C18383}"
EndProject
Project("{FAE04EC0-301F-11D3-BF4B-00C04F79EFBC}") = "Pegov.Nasvyazi.Domains", "Pegov.Nasvyazi.Domains\Pegov.Nasvyazi.Domains.csproj", "{ED47C401-5070-4A13-968B-1CB5F93731AA}"
EndProject
Project("{FAE04EC0-301F-11D3-BF4B-00C04F79EFBC}") = "Pegov.Nasvyazi.Application", "Pegov.Nasvyazi.Application\Pegov.Nasvyazi.Application.csproj", "{02080BA1-3F29-46D7-9DB0-541A3C407FC3}"
EndProject
Project("{2150E333-8FDC-42A3-9474-1A3956D46DE8}") = "Src", "Src", "{7053D6F0-B92F-42C0-B19D-644159A41AED}"
EndProject
Project("{FAE04EC0-301F-11D3-BF4B-00C04F79EFBC}") = "Pegov.Nasvyazi.Persistence.Raven", "Pegov.Nasvyazi.Persistence.Raven\Pegov.Nasvyazi.Persistence.Raven.csproj", "{A6C5B485-6684-4A1E-A4E0-7A2DE188D4DE}"
EndProject
Project("{2150E333-8FDC-42A3-9474-1A3956D46DE8}") = "Tests", "Tests", "{B81CDC99-F318-4A65-9E0F-94D161D2551F}"
EndProject
Project("{FAE04EC0-301F-11D3-BF4B-00C04F79EFBC}") = "Pegov.Nasvyazi.Application.Test", "Pegov.Nasvyazi.Application.Test\Pegov.Nasvyazi.Application.Test.csproj", "{6E03D0C9-3648-40E4-BE91-FB97C5943B7E}"
EndProject
Project("{FAE04EC0-301F-11D3-BF4B-00C04F79EFBC}") = "Pegov.Nasvyazi.Rest.Function.Test", "Pegov.Nasvyazi.Rest.Function.Test\Pegov.Nasvyazi.Rest.Function.Test.csproj", "{172C19B1-3C5A-479E-BE6D-547413662833}"
EndProject
Project("{FAE04EC0-301F-11D3-BF4B-00C04F79EFBC}") = "Pegov.Nasvyazi.Persistence.Postgres", "Pegov.Nasvyazi.Persistence.Postgres\Pegov.Nasvyazi.Persistence.Postgres.csproj", "{5E261FE1-0C67-4438-9CB0-2A8483BE655F}"
EndProject
Project("{FAE04EC0-301F-11D3-BF4B-00C04F79EFBC}") = "Pegov.Nasvyazi.Raven.Domains", "Pegov.Nasvyazi.Raven.Domains\Pegov.Nasvyazi.Raven.Domains.csproj", "{A772485D-85E7-4ECD-B721-93348D55675C}"
EndProject
Global
	GlobalSection(SolutionConfigurationPlatforms) = preSolution
		Debug|Any CPU = Debug|Any CPU
		Release|Any CPU = Release|Any CPU
	EndGlobalSection
	GlobalSection(ProjectConfigurationPlatforms) = postSolution
		{8C52EF50-D6EC-4B56-BD7A-F36DC18D1A1B}.Debug|Any CPU.ActiveCfg = Debug|Any CPU
		{8C52EF50-D6EC-4B56-BD7A-F36DC18D1A1B}.Debug|Any CPU.Build.0 = Debug|Any CPU
		{8C52EF50-D6EC-4B56-BD7A-F36DC18D1A1B}.Release|Any CPU.ActiveCfg = Release|Any CPU
		{8C52EF50-D6EC-4B56-BD7A-F36DC18D1A1B}.Release|Any CPU.Build.0 = Release|Any CPU
		{01CA2B26-C125-4302-B762-A49739C18383}.Debug|Any CPU.ActiveCfg = Debug|Any CPU
		{01CA2B26-C125-4302-B762-A49739C18383}.Debug|Any CPU.Build.0 = Debug|Any CPU
		{01CA2B26-C125-4302-B762-A49739C18383}.Release|Any CPU.ActiveCfg = Release|Any CPU
		{01CA2B26-C125-4302-B762-A49739C18383}.Release|Any CPU.Build.0 = Release|Any CPU
		{ED47C401-5070-4A13-968B-1CB5F93731AA}.Debug|Any CPU.ActiveCfg = Debug|Any CPU
		{ED47C401-5070-4A13-968B-1CB5F93731AA}.Debug|Any CPU.Build.0 = Debug|Any CPU
		{ED47C401-5070-4A13-968B-1CB5F93731AA}.Release|Any CPU.ActiveCfg = Release|Any CPU
		{ED47C401-5070-4A13-968B-1CB5F93731AA}.Release|Any CPU.Build.0 = Release|Any CPU
		{02080BA1-3F29-46D7-9DB0-541A3C407FC3}.Debug|Any CPU.ActiveCfg = Debug|Any CPU
		{02080BA1-3F29-46D7-9DB0-541A3C407FC3}.Debug|Any CPU.Build.0 = Debug|Any CPU
		{02080BA1-3F29-46D7-9DB0-541A3C407FC3}.Release|Any CPU.ActiveCfg = Release|Any CPU
		{02080BA1-3F29-46D7-9DB0-541A3C407FC3}.Release|Any CPU.Build.0 = Release|Any CPU
		{A6C5B485-6684-4A1E-A4E0-7A2DE188D4DE}.Debug|Any CPU.ActiveCfg = Debug|Any CPU
		{A6C5B485-6684-4A1E-A4E0-7A2DE188D4DE}.Debug|Any CPU.Build.0 = Debug|Any CPU
		{A6C5B485-6684-4A1E-A4E0-7A2DE188D4DE}.Release|Any CPU.ActiveCfg = Release|Any CPU
		{A6C5B485-6684-4A1E-A4E0-7A2DE188D4DE}.Release|Any CPU.Build.0 = Release|Any CPU
		{6E03D0C9-3648-40E4-BE91-FB97C5943B7E}.Debug|Any CPU.ActiveCfg = Debug|Any CPU
		{6E03D0C9-3648-40E4-BE91-FB97C5943B7E}.Debug|Any CPU.Build.0 = Debug|Any CPU
		{6E03D0C9-3648-40E4-BE91-FB97C5943B7E}.Release|Any CPU.ActiveCfg = Release|Any CPU
		{6E03D0C9-3648-40E4-BE91-FB97C5943B7E}.Release|Any CPU.Build.0 = Release|Any CPU
		{172C19B1-3C5A-479E-BE6D-547413662833}.Debug|Any CPU.ActiveCfg = Debug|Any CPU
		{172C19B1-3C5A-479E-BE6D-547413662833}.Debug|Any CPU.Build.0 = Debug|Any CPU
		{172C19B1-3C5A-479E-BE6D-547413662833}.Release|Any CPU.ActiveCfg = Release|Any CPU
		{172C19B1-3C5A-479E-BE6D-547413662833}.Release|Any CPU.Build.0 = Release|Any CPU
		{5E261FE1-0C67-4438-9CB0-2A8483BE655F}.Debug|Any CPU.ActiveCfg = Debug|Any CPU
		{5E261FE1-0C67-4438-9CB0-2A8483BE655F}.Debug|Any CPU.Build.0 = Debug|Any CPU
		{5E261FE1-0C67-4438-9CB0-2A8483BE655F}.Release|Any CPU.ActiveCfg = Release|Any CPU
		{5E261FE1-0C67-4438-9CB0-2A8483BE655F}.Release|Any CPU.Build.0 = Release|Any CPU
		{A772485D-85E7-4ECD-B721-93348D55675C}.Debug|Any CPU.ActiveCfg = Debug|Any CPU
		{A772485D-85E7-4ECD-B721-93348D55675C}.Debug|Any CPU.Build.0 = Debug|Any CPU
		{A772485D-85E7-4ECD-B721-93348D55675C}.Release|Any CPU.ActiveCfg = Release|Any CPU
		{A772485D-85E7-4ECD-B721-93348D55675C}.Release|Any CPU.Build.0 = Release|Any CPU
	EndGlobalSection
	GlobalSection(NestedProjects) = preSolution
		{8C52EF50-D6EC-4B56-BD7A-F36DC18D1A1B} = {3824F1AB-2D17-4170-8C41-0D902C1E80B2}
		{01CA2B26-C125-4302-B762-A49739C18383} = {BC4B2959-8A0A-44E2-B918-B760F60D4DD3}
		{ED47C401-5070-4A13-968B-1CB5F93731AA} = {A737BB78-972B-4973-BADC-4C77FE3295BC}
		{02080BA1-3F29-46D7-9DB0-541A3C407FC3} = {A737BB78-972B-4973-BADC-4C77FE3295BC}
		{BC4B2959-8A0A-44E2-B918-B760F60D4DD3} = {7053D6F0-B92F-42C0-B19D-644159A41AED}
		{A737BB78-972B-4973-BADC-4C77FE3295BC} = {7053D6F0-B92F-42C0-B19D-644159A41AED}
		{ED68AD5D-B46E-4BC1-BEF9-1B307E577FB5} = {7053D6F0-B92F-42C0-B19D-644159A41AED}
		{3824F1AB-2D17-4170-8C41-0D902C1E80B2} = {7053D6F0-B92F-42C0-B19D-644159A41AED}
		{A6C5B485-6684-4A1E-A4E0-7A2DE188D4DE} = {ED68AD5D-B46E-4BC1-BEF9-1B307E577FB5}
		{6E03D0C9-3648-40E4-BE91-FB97C5943B7E} = {B81CDC99-F318-4A65-9E0F-94D161D2551F}
		{172C19B1-3C5A-479E-BE6D-547413662833} = {B81CDC99-F318-4A65-9E0F-94D161D2551F}
		{5E261FE1-0C67-4438-9CB0-2A8483BE655F} = {ED68AD5D-B46E-4BC1-BEF9-1B307E577FB5}
		{A772485D-85E7-4ECD-B721-93348D55675C} = {A737BB78-972B-4973-BADC-4C77FE3295BC}
	EndGlobalSection
EndGlobal
